// !$*UTF8*$!
{
	archiveVersion = 1;
	classes = {
	};
	objectVersion = 55;
	objects = {

/* Begin PBXBuildFile section */
		8DDED4E22894196300979F81 /* StarRating.docc in Sources */ = {isa = PBXBuildFile; fileRef = 8DDED4E12894196300979F81 /* StarRating.docc */; };
		8DDED4EE2894196400979F81 /* StarRating.h in Headers */ = {isa = PBXBuildFile; fileRef = 8DDED4E02894196300979F81 /* StarRating.h */; settings = {ATTRIBUTES = (Public, ); }; };
		8DDED4F828941F5000979F81 /* StarRating.swift in Sources */ = {isa = PBXBuildFile; fileRef = 8DDED4F728941F5000979F81 /* StarRating.swift */; };
		8DDED50028941F7300979F81 /* AppDelegate.swift in Sources */ = {isa = PBXBuildFile; fileRef = 8DDED4FF28941F7300979F81 /* AppDelegate.swift */; };
		8DDED50228941F7400979F81 /* SceneDelegate.swift in Sources */ = {isa = PBXBuildFile; fileRef = 8DDED50128941F7400979F81 /* SceneDelegate.swift */; };
		8DDED50428941F7400979F81 /* ViewController.swift in Sources */ = {isa = PBXBuildFile; fileRef = 8DDED50328941F7400979F81 /* ViewController.swift */; };
		8DDED50728941F7400979F81 /* Main.storyboard in Resources */ = {isa = PBXBuildFile; fileRef = 8DDED50528941F7400979F81 /* Main.storyboard */; };
		8DDED50928941F7500979F81 /* Assets.xcassets in Resources */ = {isa = PBXBuildFile; fileRef = 8DDED50828941F7500979F81 /* Assets.xcassets */; };
		8DDED50C28941F7500979F81 /* LaunchScreen.storyboard in Resources */ = {isa = PBXBuildFile; fileRef = 8DDED50A28941F7500979F81 /* LaunchScreen.storyboard */; };
		8DDED51228941F8900979F81 /* StarRating.framework in Frameworks */ = {isa = PBXBuildFile; fileRef = 8DDED4DD2894196300979F81 /* StarRating.framework */; };
		8DDED51328941F8900979F81 /* StarRating.framework in Embed Frameworks */ = {isa = PBXBuildFile; fileRef = 8DDED4DD2894196300979F81 /* StarRating.framework */; settings = {ATTRIBUTES = (CodeSignOnCopy, RemoveHeadersOnCopy, ); }; };
		8DDED5182894651D00979F81 /* Symbols.swift in Sources */ = {isa = PBXBuildFile; fileRef = 8DDED5172894651D00979F81 /* Symbols.swift */; };
		8DDED545289708E600979F81 /* AutoLayoutHelper.swift in Sources */ = {isa = PBXBuildFile; fileRef = 8DDED544289708E600979F81 /* AutoLayoutHelper.swift */; };
/* End PBXBuildFile section */

/* Begin PBXContainerItemProxy section */
		8DDED51428941F8900979F81 /* PBXContainerItemProxy */ = {
			isa = PBXContainerItemProxy;
			containerPortal = 8DDED4D42894196300979F81 /* Project object */;
			proxyType = 1;
			remoteGlobalIDString = 8DDED4DC2894196300979F81;
			remoteInfo = StarRating;
		};
/* End PBXContainerItemProxy section */

/* Begin PBXCopyFilesBuildPhase section */
		8DDED51628941F8900979F81 /* Embed Frameworks */ = {
			isa = PBXCopyFilesBuildPhase;
			buildActionMask = 2147483647;
			dstPath = "";
			dstSubfolderSpec = 10;
			files = (
				8DDED51328941F8900979F81 /* StarRating.framework in Embed Frameworks */,
			);
			name = "Embed Frameworks";
			runOnlyForDeploymentPostprocessing = 0;
		};
/* End PBXCopyFilesBuildPhase section */

/* Begin PBXFileReference section */
		8DDED4DD2894196300979F81 /* StarRating.framework */ = {isa = PBXFileReference; explicitFileType = wrapper.framework; includeInIndex = 0; path = StarRating.framework; sourceTree = BUILT_PRODUCTS_DIR; };
		8DDED4E02894196300979F81 /* StarRating.h */ = {isa = PBXFileReference; lastKnownFileType = sourcecode.c.h; path = StarRating.h; sourceTree = "<group>"; };
		8DDED4E12894196300979F81 /* StarRating.docc */ = {isa = PBXFileReference; lastKnownFileType = folder.documentationcatalog; path = StarRating.docc; sourceTree = "<group>"; };
		8DDED4F728941F5000979F81 /* StarRating.swift */ = {isa = PBXFileReference; lastKnownFileType = sourcecode.swift; path = StarRating.swift; sourceTree = "<group>"; };
		8DDED4FD28941F7300979F81 /* StarRatingDemo.app */ = {isa = PBXFileReference; explicitFileType = wrapper.application; includeInIndex = 0; path = StarRatingDemo.app; sourceTree = BUILT_PRODUCTS_DIR; };
		8DDED4FF28941F7300979F81 /* AppDelegate.swift */ = {isa = PBXFileReference; lastKnownFileType = sourcecode.swift; path = AppDelegate.swift; sourceTree = "<group>"; };
		8DDED50128941F7400979F81 /* SceneDelegate.swift */ = {isa = PBXFileReference; lastKnownFileType = sourcecode.swift; path = SceneDelegate.swift; sourceTree = "<group>"; };
		8DDED50328941F7400979F81 /* ViewController.swift */ = {isa = PBXFileReference; lastKnownFileType = sourcecode.swift; path = ViewController.swift; sourceTree = "<group>"; };
		8DDED50628941F7400979F81 /* Base */ = {isa = PBXFileReference; lastKnownFileType = file.storyboard; name = Base; path = Base.lproj/Main.storyboard; sourceTree = "<group>"; };
		8DDED50828941F7500979F81 /* Assets.xcassets */ = {isa = PBXFileReference; lastKnownFileType = folder.assetcatalog; path = Assets.xcassets; sourceTree = "<group>"; };
		8DDED50B28941F7500979F81 /* Base */ = {isa = PBXFileReference; lastKnownFileType = file.storyboard; name = Base; path = Base.lproj/LaunchScreen.storyboard; sourceTree = "<group>"; };
		8DDED50D28941F7500979F81 /* Info.plist */ = {isa = PBXFileReference; lastKnownFileType = text.plist.xml; path = Info.plist; sourceTree = "<group>"; };
		8DDED5172894651D00979F81 /* Symbols.swift */ = {isa = PBXFileReference; lastKnownFileType = sourcecode.swift; path = Symbols.swift; sourceTree = "<group>"; };
		8DDED544289708E600979F81 /* AutoLayoutHelper.swift */ = {isa = PBXFileReference; lastKnownFileType = sourcecode.swift; path = AutoLayoutHelper.swift; sourceTree = "<group>"; };
/* End PBXFileReference section */

/* Begin PBXFrameworksBuildPhase section */
		8DDED4DA2894196300979F81 /* Frameworks */ = {
			isa = PBXFrameworksBuildPhase;
			buildActionMask = 2147483647;
			files = (
			);
			runOnlyForDeploymentPostprocessing = 0;
		};
		8DDED4FA28941F7300979F81 /* Frameworks */ = {
			isa = PBXFrameworksBuildPhase;
			buildActionMask = 2147483647;
			files = (
				8DDED51228941F8900979F81 /* StarRating.framework in Frameworks */,
			);
			runOnlyForDeploymentPostprocessing = 0;
		};
/* End PBXFrameworksBuildPhase section */

/* Begin PBXGroup section */
		8DDED4D32894196300979F81 = {
			isa = PBXGroup;
			children = (
				8DDED4DF2894196300979F81 /* StarRating */,
				8DDED4FE28941F7300979F81 /* StarRatingDemo */,
				8DDED4DE2894196300979F81 /* Products */,
				8DDED51128941F8900979F81 /* Frameworks */,
			);
			sourceTree = "<group>";
		};
		8DDED4DE2894196300979F81 /* Products */ = {
			isa = PBXGroup;
			children = (
				8DDED4DD2894196300979F81 /* StarRating.framework */,
				8DDED4FD28941F7300979F81 /* StarRatingDemo.app */,
			);
			name = Products;
			sourceTree = "<group>";
		};
		8DDED4DF2894196300979F81 /* StarRating */ = {
			isa = PBXGroup;
			children = (
				8DDED4E12894196300979F81 /* StarRating.docc */,
				8DDED4E02894196300979F81 /* StarRating.h */,
				8DDED4F728941F5000979F81 /* StarRating.swift */,
				8DDED5172894651D00979F81 /* Symbols.swift */,
				8DDED544289708E600979F81 /* AutoLayoutHelper.swift */,
			);
			path = StarRating;
			sourceTree = "<group>";
		};
		8DDED4FE28941F7300979F81 /* StarRatingDemo */ = {
			isa = PBXGroup;
			children = (
				8DDED4FF28941F7300979F81 /* AppDelegate.swift */,
				8DDED50128941F7400979F81 /* SceneDelegate.swift */,
				8DDED50328941F7400979F81 /* ViewController.swift */,
				8DDED50528941F7400979F81 /* Main.storyboard */,
				8DDED50828941F7500979F81 /* Assets.xcassets */,
				8DDED50A28941F7500979F81 /* LaunchScreen.storyboard */,
				8DDED50D28941F7500979F81 /* Info.plist */,
			);
			path = StarRatingDemo;
			sourceTree = "<group>";
		};
		8DDED51128941F8900979F81 /* Frameworks */ = {
			isa = PBXGroup;
			children = (
			);
			name = Frameworks;
			sourceTree = "<group>";
		};
/* End PBXGroup section */

/* Begin PBXHeadersBuildPhase section */
		8DDED4D82894196300979F81 /* Headers */ = {
			isa = PBXHeadersBuildPhase;
			buildActionMask = 2147483647;
			files = (
				8DDED4EE2894196400979F81 /* StarRating.h in Headers */,
			);
			runOnlyForDeploymentPostprocessing = 0;
		};
/* End PBXHeadersBuildPhase section */

/* Begin PBXNativeTarget section */
		8DDED4DC2894196300979F81 /* StarRating */ = {
			isa = PBXNativeTarget;
			buildConfigurationList = 8DDED4F12894196400979F81 /* Build configuration list for PBXNativeTarget "StarRating" */;
			buildPhases = (
				8DDED4D82894196300979F81 /* Headers */,
				8DDED4D92894196300979F81 /* Sources */,
				8DDED4DA2894196300979F81 /* Frameworks */,
				8DDED4DB2894196300979F81 /* Resources */,
			);
			buildRules = (
			);
			dependencies = (
			);
			name = StarRating;
			productName = StarRating;
			productReference = 8DDED4DD2894196300979F81 /* StarRating.framework */;
			productType = "com.apple.product-type.framework";
		};
		8DDED4FC28941F7300979F81 /* StarRatingDemo */ = {
			isa = PBXNativeTarget;
			buildConfigurationList = 8DDED50E28941F7500979F81 /* Build configuration list for PBXNativeTarget "StarRatingDemo" */;
			buildPhases = (
				8DDED4F928941F7300979F81 /* Sources */,
				8DDED4FA28941F7300979F81 /* Frameworks */,
				8DDED4FB28941F7300979F81 /* Resources */,
				8DDED51628941F8900979F81 /* Embed Frameworks */,
			);
			buildRules = (
			);
			dependencies = (
				8DDED51528941F8900979F81 /* PBXTargetDependency */,
			);
			name = StarRatingDemo;
			productName = StarRatingDemo;
			productReference = 8DDED4FD28941F7300979F81 /* StarRatingDemo.app */;
			productType = "com.apple.product-type.application";
		};
/* End PBXNativeTarget section */

/* Begin PBXProject section */
		8DDED4D42894196300979F81 /* Project object */ = {
			isa = PBXProject;
			attributes = {
				BuildIndependentTargetsInParallel = 1;
				LastSwiftUpdateCheck = 1340;
				LastUpgradeCheck = 1340;
				TargetAttributes = {
					8DDED4DC2894196300979F81 = {
						CreatedOnToolsVersion = 13.4.1;
					};
					8DDED4FC28941F7300979F81 = {
						CreatedOnToolsVersion = 13.4.1;
					};
				};
			};
			buildConfigurationList = 8DDED4D72894196300979F81 /* Build configuration list for PBXProject "StarRating" */;
			compatibilityVersion = "Xcode 13.0";
			developmentRegion = en;
			hasScannedForEncodings = 0;
			knownRegions = (
				en,
				Base,
			);
			mainGroup = 8DDED4D32894196300979F81;
			productRefGroup = 8DDED4DE2894196300979F81 /* Products */;
			projectDirPath = "";
			projectRoot = "";
			targets = (
				8DDED4DC2894196300979F81 /* StarRating */,
				8DDED4FC28941F7300979F81 /* StarRatingDemo */,
			);
		};
/* End PBXProject section */

/* Begin PBXResourcesBuildPhase section */
		8DDED4DB2894196300979F81 /* Resources */ = {
			isa = PBXResourcesBuildPhase;
			buildActionMask = 2147483647;
			files = (
			);
			runOnlyForDeploymentPostprocessing = 0;
		};
		8DDED4FB28941F7300979F81 /* Resources */ = {
			isa = PBXResourcesBuildPhase;
			buildActionMask = 2147483647;
			files = (
				8DDED50C28941F7500979F81 /* LaunchScreen.storyboard in Resources */,
				8DDED50928941F7500979F81 /* Assets.xcassets in Resources */,
				8DDED50728941F7400979F81 /* Main.storyboard in Resources */,
			);
			runOnlyForDeploymentPostprocessing = 0;
		};
/* End PBXResourcesBuildPhase section */

/* Begin PBXSourcesBuildPhase section */
		8DDED4D92894196300979F81 /* Sources */ = {
			isa = PBXSourcesBuildPhase;
			buildActionMask = 2147483647;
			files = (
				8DDED545289708E600979F81 /* AutoLayoutHelper.swift in Sources */,
				8DDED5182894651D00979F81 /* Symbols.swift in Sources */,
				8DDED4F828941F5000979F81 /* StarRating.swift in Sources */,
				8DDED4E22894196300979F81 /* StarRating.docc in Sources */,
			);
			runOnlyForDeploymentPostprocessing = 0;
		};
		8DDED4F928941F7300979F81 /* Sources */ = {
			isa = PBXSourcesBuildPhase;
			buildActionMask = 2147483647;
			files = (
				8DDED50428941F7400979F81 /* ViewController.swift in Sources */,
				8DDED50028941F7300979F81 /* AppDelegate.swift in Sources */,
				8DDED50228941F7400979F81 /* SceneDelegate.swift in Sources */,
			);
			runOnlyForDeploymentPostprocessing = 0;
		};
/* End PBXSourcesBuildPhase section */

/* Begin PBXTargetDependency section */
		8DDED51528941F8900979F81 /* PBXTargetDependency */ = {
			isa = PBXTargetDependency;
			target = 8DDED4DC2894196300979F81 /* StarRating */;
			targetProxy = 8DDED51428941F8900979F81 /* PBXContainerItemProxy */;
		};
/* End PBXTargetDependency section */

/* Begin PBXVariantGroup section */
		8DDED50528941F7400979F81 /* Main.storyboard */ = {
			isa = PBXVariantGroup;
			children = (
				8DDED50628941F7400979F81 /* Base */,
			);
			name = Main.storyboard;
			sourceTree = "<group>";
		};
		8DDED50A28941F7500979F81 /* LaunchScreen.storyboard */ = {
			isa = PBXVariantGroup;
			children = (
				8DDED50B28941F7500979F81 /* Base */,
			);
			name = LaunchScreen.storyboard;
			sourceTree = "<group>";
		};
/* End PBXVariantGroup section */

/* Begin XCBuildConfiguration section */
		8DDED4EF2894196400979F81 /* Debug */ = {
			isa = XCBuildConfiguration;
			buildSettings = {
				ALWAYS_SEARCH_USER_PATHS = NO;
				CLANG_ANALYZER_NONNULL = YES;
				CLANG_ANALYZER_NUMBER_OBJECT_CONVERSION = YES_AGGRESSIVE;
				CLANG_CXX_LANGUAGE_STANDARD = "gnu++17";
				CLANG_ENABLE_MODULES = YES;
				CLANG_ENABLE_OBJC_ARC = YES;
				CLANG_ENABLE_OBJC_WEAK = YES;
				CLANG_WARN_BLOCK_CAPTURE_AUTORELEASING = YES;
				CLANG_WARN_BOOL_CONVERSION = YES;
				CLANG_WARN_COMMA = YES;
				CLANG_WARN_CONSTANT_CONVERSION = YES;
				CLANG_WARN_DEPRECATED_OBJC_IMPLEMENTATIONS = YES;
				CLANG_WARN_DIRECT_OBJC_ISA_USAGE = YES_ERROR;
				CLANG_WARN_DOCUMENTATION_COMMENTS = YES;
				CLANG_WARN_EMPTY_BODY = YES;
				CLANG_WARN_ENUM_CONVERSION = YES;
				CLANG_WARN_INFINITE_RECURSION = YES;
				CLANG_WARN_INT_CONVERSION = YES;
				CLANG_WARN_NON_LITERAL_NULL_CONVERSION = YES;
				CLANG_WARN_OBJC_IMPLICIT_RETAIN_SELF = YES;
				CLANG_WARN_OBJC_LITERAL_CONVERSION = YES;
				CLANG_WARN_OBJC_ROOT_CLASS = YES_ERROR;
				CLANG_WARN_QUOTED_INCLUDE_IN_FRAMEWORK_HEADER = YES;
				CLANG_WARN_RANGE_LOOP_ANALYSIS = YES;
				CLANG_WARN_STRICT_PROTOTYPES = YES;
				CLANG_WARN_SUSPICIOUS_MOVE = YES;
				CLANG_WARN_UNGUARDED_AVAILABILITY = YES_AGGRESSIVE;
				CLANG_WARN_UNREACHABLE_CODE = YES;
				CLANG_WARN__DUPLICATE_METHOD_MATCH = YES;
				COPY_PHASE_STRIP = NO;
				CURRENT_PROJECT_VERSION = 1;
				DEBUG_INFORMATION_FORMAT = dwarf;
				ENABLE_STRICT_OBJC_MSGSEND = YES;
				ENABLE_TESTABILITY = YES;
				GCC_C_LANGUAGE_STANDARD = gnu11;
				GCC_DYNAMIC_NO_PIC = NO;
				GCC_NO_COMMON_BLOCKS = YES;
				GCC_OPTIMIZATION_LEVEL = 0;
				GCC_PREPROCESSOR_DEFINITIONS = (
					"DEBUG=1",
					"$(inherited)",
				);
				GCC_WARN_64_TO_32_BIT_CONVERSION = YES;
				GCC_WARN_ABOUT_RETURN_TYPE = YES_ERROR;
				GCC_WARN_UNDECLARED_SELECTOR = YES;
				GCC_WARN_UNINITIALIZED_AUTOS = YES_AGGRESSIVE;
				GCC_WARN_UNUSED_FUNCTION = YES;
				GCC_WARN_UNUSED_VARIABLE = YES;
				IPHONEOS_DEPLOYMENT_TARGET = 15.5;
				MTL_ENABLE_DEBUG_INFO = INCLUDE_SOURCE;
				MTL_FAST_MATH = YES;
				ONLY_ACTIVE_ARCH = YES;
				SDKROOT = iphoneos;
				SWIFT_ACTIVE_COMPILATION_CONDITIONS = DEBUG;
				SWIFT_OPTIMIZATION_LEVEL = "-Onone";
				VERSIONING_SYSTEM = "apple-generic";
				VERSION_INFO_PREFIX = "";
			};
			name = Debug;
		};
		8DDED4F02894196400979F81 /* Release */ = {
			isa = XCBuildConfiguration;
			buildSettings = {
				ALWAYS_SEARCH_USER_PATHS = NO;
				CLANG_ANALYZER_NONNULL = YES;
				CLANG_ANALYZER_NUMBER_OBJECT_CONVERSION = YES_AGGRESSIVE;
				CLANG_CXX_LANGUAGE_STANDARD = "gnu++17";
				CLANG_ENABLE_MODULES = YES;
				CLANG_ENABLE_OBJC_ARC = YES;
				CLANG_ENABLE_OBJC_WEAK = YES;
				CLANG_WARN_BLOCK_CAPTURE_AUTORELEASING = YES;
				CLANG_WARN_BOOL_CONVERSION = YES;
				CLANG_WARN_COMMA = YES;
				CLANG_WARN_CONSTANT_CONVERSION = YES;
				CLANG_WARN_DEPRECATED_OBJC_IMPLEMENTATIONS = YES;
				CLANG_WARN_DIRECT_OBJC_ISA_USAGE = YES_ERROR;
				CLANG_WARN_DOCUMENTATION_COMMENTS = YES;
				CLANG_WARN_EMPTY_BODY = YES;
				CLANG_WARN_ENUM_CONVERSION = YES;
				CLANG_WARN_INFINITE_RECURSION = YES;
				CLANG_WARN_INT_CONVERSION = YES;
				CLANG_WARN_NON_LITERAL_NULL_CONVERSION = YES;
				CLANG_WARN_OBJC_IMPLICIT_RETAIN_SELF = YES;
				CLANG_WARN_OBJC_LITERAL_CONVERSION = YES;
				CLANG_WARN_OBJC_ROOT_CLASS = YES_ERROR;
				CLANG_WARN_QUOTED_INCLUDE_IN_FRAMEWORK_HEADER = YES;
				CLANG_WARN_RANGE_LOOP_ANALYSIS = YES;
				CLANG_WARN_STRICT_PROTOTYPES = YES;
				CLANG_WARN_SUSPICIOUS_MOVE = YES;
				CLANG_WARN_UNGUARDED_AVAILABILITY = YES_AGGRESSIVE;
				CLANG_WARN_UNREACHABLE_CODE = YES;
				CLANG_WARN__DUPLICATE_METHOD_MATCH = YES;
				COPY_PHASE_STRIP = NO;
				CURRENT_PROJECT_VERSION = 1;
				DEBUG_INFORMATION_FORMAT = "dwarf-with-dsym";
				ENABLE_NS_ASSERTIONS = NO;
				ENABLE_STRICT_OBJC_MSGSEND = YES;
				GCC_C_LANGUAGE_STANDARD = gnu11;
				GCC_NO_COMMON_BLOCKS = YES;
				GCC_WARN_64_TO_32_BIT_CONVERSION = YES;
				GCC_WARN_ABOUT_RETURN_TYPE = YES_ERROR;
				GCC_WARN_UNDECLARED_SELECTOR = YES;
				GCC_WARN_UNINITIALIZED_AUTOS = YES_AGGRESSIVE;
				GCC_WARN_UNUSED_FUNCTION = YES;
				GCC_WARN_UNUSED_VARIABLE = YES;
				IPHONEOS_DEPLOYMENT_TARGET = 15.5;
				MTL_ENABLE_DEBUG_INFO = NO;
				MTL_FAST_MATH = YES;
				SDKROOT = iphoneos;
				SWIFT_COMPILATION_MODE = wholemodule;
				SWIFT_OPTIMIZATION_LEVEL = "-O";
				VALIDATE_PRODUCT = YES;
				VERSIONING_SYSTEM = "apple-generic";
				VERSION_INFO_PREFIX = "";
			};
			name = Release;
		};
		8DDED4F22894196400979F81 /* Debug */ = {
			isa = XCBuildConfiguration;
			buildSettings = {
				CODE_SIGN_STYLE = Automatic;
				CURRENT_PROJECT_VERSION = 1;
				DEFINES_MODULE = YES;
				DYLIB_COMPATIBILITY_VERSION = 1;
				DYLIB_CURRENT_VERSION = 1;
				DYLIB_INSTALL_NAME_BASE = "@rpath";
				GENERATE_INFOPLIST_FILE = YES;
				INFOPLIST_KEY_NSHumanReadableCopyright = "";
				INSTALL_PATH = "$(LOCAL_LIBRARY_DIR)/Frameworks";
				LD_RUNPATH_SEARCH_PATHS = (
					"$(inherited)",
					"@executable_path/Frameworks",
					"@loader_path/Frameworks",
				);
				MARKETING_VERSION = 1.0;
				PRODUCT_BUNDLE_IDENTIFIER = com.tarun.StarRating;
				PRODUCT_NAME = "$(TARGET_NAME:c99extidentifier)";
				SKIP_INSTALL = YES;
				SWIFT_EMIT_LOC_STRINGS = YES;
				SWIFT_VERSION = 5.0;
				TARGETED_DEVICE_FAMILY = "1,2";
			};
			name = Debug;
		};
		8DDED4F32894196400979F81 /* Release */ = {
			isa = XCBuildConfiguration;
			buildSettings = {
				CODE_SIGN_STYLE = Automatic;
				CURRENT_PROJECT_VERSION = 1;
				DEFINES_MODULE = YES;
				DYLIB_COMPATIBILITY_VERSION = 1;
				DYLIB_CURRENT_VERSION = 1;
				DYLIB_INSTALL_NAME_BASE = "@rpath";
				GENERATE_INFOPLIST_FILE = YES;
				INFOPLIST_KEY_NSHumanReadableCopyright = "";
				INSTALL_PATH = "$(LOCAL_LIBRARY_DIR)/Frameworks";
				LD_RUNPATH_SEARCH_PATHS = (
					"$(inherited)",
					"@executable_path/Frameworks",
					"@loader_path/Frameworks",
				);
				MARKETING_VERSION = 1.0;
				PRODUCT_BUNDLE_IDENTIFIER = com.tarun.StarRating;
				PRODUCT_NAME = "$(TARGET_NAME:c99extidentifier)";
				SKIP_INSTALL = YES;
				SWIFT_EMIT_LOC_STRINGS = YES;
				SWIFT_VERSION = 5.0;
				TARGETED_DEVICE_FAMILY = "1,2";
			};
			name = Release;
		};
		8DDED50F28941F7500979F81 /* Debug */ = {
			isa = XCBuildConfiguration;
			buildSettings = {
				ASSETCATALOG_COMPILER_APPICON_NAME = AppIcon;
				ASSETCATALOG_COMPILER_GLOBAL_ACCENT_COLOR_NAME = AccentColor;
				CODE_SIGN_STYLE = Automatic;
				CURRENT_PROJECT_VERSION = 1;
				GENERATE_INFOPLIST_FILE = YES;
				INFOPLIST_FILE = StarRatingDemo/Info.plist;
				INFOPLIST_KEY_UIApplicationSupportsIndirectInputEvents = YES;
				INFOPLIST_KEY_UILaunchStoryboardName = LaunchScreen;
				INFOPLIST_KEY_UIMainStoryboardFile = Main;
				INFOPLIST_KEY_UISupportedInterfaceOrientations_iPad = "UIInterfaceOrientationPortrait UIInterfaceOrientationPortraitUpsideDown UIInterfaceOrientationLandscapeLeft UIInterfaceOrientationLandscapeRight";
				INFOPLIST_KEY_UISupportedInterfaceOrientations_iPhone = "UIInterfaceOrientationPortrait UIInterfaceOrientationLandscapeLeft UIInterfaceOrientationLandscapeRight";
				LD_RUNPATH_SEARCH_PATHS = (
					"$(inherited)",
					"@executable_path/Frameworks",
				);
				MARKETING_VERSION = 1.0;
				PRODUCT_BUNDLE_IDENTIFIER = com.tarun.StarRatingDemo;
				PRODUCT_NAME = "$(TARGET_NAME)";
				SWIFT_EMIT_LOC_STRINGS = YES;
				SWIFT_VERSION = 5.0;
				TARGETED_DEVICE_FAMILY = "1,2";
			};
			name = Debug;
		};
		8DDED51028941F7500979F81 /* Release */ = {
			isa = XCBuildConfiguration;
			buildSettings = {
				ASSETCATALOG_COMPILER_APPICON_NAME = AppIcon;
				ASSETCATALOG_COMPILER_GLOBAL_ACCENT_COLOR_NAME = AccentColor;
				CODE_SIGN_STYLE = Automatic;
				CURRENT_PROJECT_VERSION = 1;
				GENERATE_INFOPLIST_FILE = YES;
				INFOPLIST_FILE = StarRatingDemo/Info.plist;
				INFOPLIST_KEY_UIApplicationSupportsIndirectInputEvents = YES;
				INFOPLIST_KEY_UILaunchStoryboardName = LaunchScreen;
				INFOPLIST_KEY_UIMainStoryboardFile = Main;
				INFOPLIST_KEY_UISupportedInterfaceOrientations_iPad = "UIInterfaceOrientationPortrait UIInterfaceOrientationPortraitUpsideDown UIInterfaceOrientationLandscapeLeft UIInterfaceOrientationLandscapeRight";
				INFOPLIST_KEY_UISupportedInterfaceOrientations_iPhone = "UIInterfaceOrientationPortrait UIInterfaceOrientationLandscapeLeft UIInterfaceOrientationLandscapeRight";
				LD_RUNPATH_SEARCH_PATHS = (
					"$(inherited)",
					"@executable_path/Frameworks",
				);
				MARKETING_VERSION = 1.0;
				PRODUCT_BUNDLE_IDENTIFIER = com.tarun.StarRatingDemo;
				PRODUCT_NAME = "$(TARGET_NAME)";
				SWIFT_EMIT_LOC_STRINGS = YES;
				SWIFT_VERSION = 5.0;
				TARGETED_DEVICE_FAMILY = "1,2";
			};
			name = Release;
		};
/* End XCBuildConfiguration section */

/* Begin XCConfigurationList section */
		8DDED4D72894196300979F81 /* Build configuration list for PBXProject "StarRating" */ = {
			isa = XCConfigurationList;
			buildConfigurations = (
				8DDED4EF2894196400979F81 /* Debug */,
				8DDED4F02894196400979F81 /* Release */,
			);
			defaultConfigurationIsVisible = 0;
			defaultConfigurationName = Release;
		};
		8DDED4F12894196400979F81 /* Build configuration list for PBXNativeTarget "StarRating" */ = {
			isa = XCConfigurationList;
			buildConfigurations = (
				8DDED4F22894196400979F81 /* Debug */,
				8DDED4F32894196400979F81 /* Release */,
			);
			defaultConfigurationIsVisible = 0;
			defaultConfigurationName = Release;
		};
		8DDED50E28941F7500979F81 /* Build configuration list for PBXNativeTarget "StarRatingDemo" */ = {
			isa = XCConfigurationList;
			buildConfigurations = (
				8DDED50F28941F7500979F81 /* Debug */,
				8DDED51028941F7500979F81 /* Release */,
			);
			defaultConfigurationIsVisible = 0;
			defaultConfigurationName = Release;
		};
/* End XCConfigurationList section */
	};
	rootObject = 8DDED4D42894196300979F81 /* Project object */;
}
